// !$*UTF8*$!
{
	archiveVersion = 1;
	classes = {
	};
	objectVersion = 56;
	objects = {

/* Begin PBXBuildFile section */
		702017882B5E8FBF00449A46 /* FileWorker.swift in Sources */ = {isa = PBXBuildFile; fileRef = 702017872B5E8FBF00449A46 /* FileWorker.swift */; };
		7020178B2B5EFB6500449A46 /* Realm in Frameworks */ = {isa = PBXBuildFile; productRef = 7020178A2B5EFB6500449A46 /* Realm */; };
		7020178D2B5EFB6500449A46 /* RealmSwift in Frameworks */ = {isa = PBXBuildFile; productRef = 7020178C2B5EFB6500449A46 /* RealmSwift */; };
		702017902B5F9D5F00449A46 /* RealmManager.swift in Sources */ = {isa = PBXBuildFile; fileRef = 7020178F2B5F9D5F00449A46 /* RealmManager.swift */; };
		702017922B5F9E0A00449A46 /* DBModels.swift in Sources */ = {isa = PBXBuildFile; fileRef = 702017912B5F9E0A00449A46 /* DBModels.swift */; };
		702017942B5FB35000449A46 /* FavoriteImagesView.swift in Sources */ = {isa = PBXBuildFile; fileRef = 702017932B5FB35000449A46 /* FavoriteImagesView.swift */; };
		702017962B5FB3BB00449A46 /* FavoriteImagesModels.swift in Sources */ = {isa = PBXBuildFile; fileRef = 702017952B5FB3BA00449A46 /* FavoriteImagesModels.swift */; };
		702017982B5FB44F00449A46 /* ImageTableModels.swift in Sources */ = {isa = PBXBuildFile; fileRef = 702017972B5FB44F00449A46 /* ImageTableModels.swift */; };
		702DECF22B5984C700CFBCD7 /* AppDelegate.swift in Sources */ = {isa = PBXBuildFile; fileRef = 702DECF12B5984C700CFBCD7 /* AppDelegate.swift */; };
		702DECF42B5984C700CFBCD7 /* SceneDelegate.swift in Sources */ = {isa = PBXBuildFile; fileRef = 702DECF32B5984C700CFBCD7 /* SceneDelegate.swift */; };
		702DECFB2B5984C900CFBCD7 /* Assets.xcassets in Resources */ = {isa = PBXBuildFile; fileRef = 702DECFA2B5984C900CFBCD7 /* Assets.xcassets */; };
		702DECFE2B5984C900CFBCD7 /* LaunchScreen.storyboard in Resources */ = {isa = PBXBuildFile; fileRef = 702DECFC2B5984C900CFBCD7 /* LaunchScreen.storyboard */; };
		702DED0B2B59899D00CFBCD7 /* MainTabCoordinator.swift in Sources */ = {isa = PBXBuildFile; fileRef = 702DED0A2B59899D00CFBCD7 /* MainTabCoordinator.swift */; };
		702DED132B59AB1400CFBCD7 /* RandomImagesViewController.swift in Sources */ = {isa = PBXBuildFile; fileRef = 702DED122B59AB1400CFBCD7 /* RandomImagesViewController.swift */; };
		702DED152B59AB2500CFBCD7 /* RandomImagesInteractor.swift in Sources */ = {isa = PBXBuildFile; fileRef = 702DED142B59AB2500CFBCD7 /* RandomImagesInteractor.swift */; };
		702DED172B59AB3200CFBCD7 /* RandomImagesPresenter.swift in Sources */ = {isa = PBXBuildFile; fileRef = 702DED162B59AB3200CFBCD7 /* RandomImagesPresenter.swift */; };
		702DED1B2B59AB7700CFBCD7 /* FavoriteImagesViewController.swift in Sources */ = {isa = PBXBuildFile; fileRef = 702DED1A2B59AB7700CFBCD7 /* FavoriteImagesViewController.swift */; };
		702DED1D2B59AB7F00CFBCD7 /* FavoriteImagesInteractor.swift in Sources */ = {isa = PBXBuildFile; fileRef = 702DED1C2B59AB7F00CFBCD7 /* FavoriteImagesInteractor.swift */; };
		702DED1F2B59AB8400CFBCD7 /* FavoriteImagesPresenter.swift in Sources */ = {isa = PBXBuildFile; fileRef = 702DED1E2B59AB8400CFBCD7 /* FavoriteImagesPresenter.swift */; };
		702DED212B59AF2900CFBCD7 /* RandomImagesBuilder.swift in Sources */ = {isa = PBXBuildFile; fileRef = 702DED202B59AF2900CFBCD7 /* RandomImagesBuilder.swift */; };
		702DED232B59B20B00CFBCD7 /* FavoriteImagesBuilder.swift in Sources */ = {isa = PBXBuildFile; fileRef = 702DED222B59B20B00CFBCD7 /* FavoriteImagesBuilder.swift */; };
		702DED262B59B5FF00CFBCD7 /* SnapKit in Frameworks */ = {isa = PBXBuildFile; productRef = 702DED252B59B5FF00CFBCD7 /* SnapKit */; };
		702DED282B59B5FF00CFBCD7 /* SnapKit-Dynamic in Frameworks */ = {isa = PBXBuildFile; productRef = 702DED272B59B5FF00CFBCD7 /* SnapKit-Dynamic */; };
		702DED2B2B5A8A9D00CFBCD7 /* ImageTableViewCell.swift in Sources */ = {isa = PBXBuildFile; fileRef = 702DED2A2B5A8A9D00CFBCD7 /* ImageTableViewCell.swift */; };
		702DED2D2B5A964300CFBCD7 /* ImageTableView.swift in Sources */ = {isa = PBXBuildFile; fileRef = 702DED2C2B5A964300CFBCD7 /* ImageTableView.swift */; };
		702DED302B5A97EC00CFBCD7 /* ImageTableViewCellModel.swift in Sources */ = {isa = PBXBuildFile; fileRef = 702DED2F2B5A97EC00CFBCD7 /* ImageTableViewCellModel.swift */; };
		709D6D202B5C555500D8F36E /* URLSession+Ext.swift in Sources */ = {isa = PBXBuildFile; fileRef = 709D6D1F2B5C555500D8F36E /* URLSession+Ext.swift */; };
		709D6D232B5C55B700D8F36E /* RequestManager.swift in Sources */ = {isa = PBXBuildFile; fileRef = 709D6D222B5C55B700D8F36E /* RequestManager.swift */; };
		709D6D252B5C5A3800D8F36E /* DataLoader.swift in Sources */ = {isa = PBXBuildFile; fileRef = 709D6D242B5C5A3800D8F36E /* DataLoader.swift */; };
		709D6D272B5C6BC800D8F36E /* RandomImagesModels.swift in Sources */ = {isa = PBXBuildFile; fileRef = 709D6D262B5C6BC800D8F36E /* RandomImagesModels.swift */; };
		709D6D292B5C6F0400D8F36E /* RandomImagesView.swift in Sources */ = {isa = PBXBuildFile; fileRef = 709D6D282B5C6F0400D8F36E /* RandomImagesView.swift */; };
		70DE09EE2B6028EA00BE484F /* Quick in Frameworks */ = {isa = PBXBuildFile; productRef = 70DE09ED2B6028EA00BE484F /* Quick */; };
		70DE09F12B6028F500BE484F /* Nimble in Frameworks */ = {isa = PBXBuildFile; productRef = 70DE09F02B6028F500BE484F /* Nimble */; };
		70DE09FE2B602A2400BE484F /* RandomImagesViewControllerTests.swift in Sources */ = {isa = PBXBuildFile; fileRef = 70DE09F92B602A2400BE484F /* RandomImagesViewControllerTests.swift */; };
		70DE09FF2B602A2400BE484F /* RandomImagesBuilderTests.swift in Sources */ = {isa = PBXBuildFile; fileRef = 70DE09FA2B602A2400BE484F /* RandomImagesBuilderTests.swift */; };
		70DE0A002B602A2400BE484F /* RandomImagesInteractorTests.swift in Sources */ = {isa = PBXBuildFile; fileRef = 70DE09FC2B602A2400BE484F /* RandomImagesInteractorTests.swift */; };
		70DE0A012B602A2400BE484F /* RandomImagesPresenterTests.swift in Sources */ = {isa = PBXBuildFile; fileRef = 70DE09FD2B602A2400BE484F /* RandomImagesPresenterTests.swift */; };
		70DE0A032B602BB900BE484F /* FavoriteImagesBuilderTests.swift in Sources */ = {isa = PBXBuildFile; fileRef = 70DE0A022B602BB900BE484F /* FavoriteImagesBuilderTests.swift */; };
		70DE0A052B602C8D00BE484F /* RandomImagesInteractorMock.swift in Sources */ = {isa = PBXBuildFile; fileRef = 70DE0A042B602C8D00BE484F /* RandomImagesInteractorMock.swift */; };
		70DE0A072B6059B000BE484F /* RandomImagesPresenterMock.swift in Sources */ = {isa = PBXBuildFile; fileRef = 70DE0A062B6059B000BE484F /* RandomImagesPresenterMock.swift */; };
		70DE0A0D2B605E6600BE484F /* RealmManagerMock.swift in Sources */ = {isa = PBXBuildFile; fileRef = 70DE0A0C2B605E6600BE484F /* RealmManagerMock.swift */; };
		70DE0A102B60D6CE00BE484F /* FileWorkerMock.swift in Sources */ = {isa = PBXBuildFile; fileRef = 70DE0A0F2B60D6CE00BE484F /* FileWorkerMock.swift */; };
		70DE0A152B60D7AC00BE484F /* DataLoaderMock.swift in Sources */ = {isa = PBXBuildFile; fileRef = 70DE0A142B60D7AC00BE484F /* DataLoaderMock.swift */; };
		70DE0A172B60E51A00BE484F /* RandomImagesViewControllerMock.swift in Sources */ = {isa = PBXBuildFile; fileRef = 70DE0A162B60E51A00BE484F /* RandomImagesViewControllerMock.swift */; };
		70DE0A192B60E82800BE484F /* FavoriteImagesViewControllerTests.swift in Sources */ = {isa = PBXBuildFile; fileRef = 70DE0A182B60E82800BE484F /* FavoriteImagesViewControllerTests.swift */; };
		70DE0A1B2B60E83100BE484F /* FavoriteImagesInteractorTests.swift in Sources */ = {isa = PBXBuildFile; fileRef = 70DE0A1A2B60E83100BE484F /* FavoriteImagesInteractorTests.swift */; };
		70DE0A1D2B60E83C00BE484F /* FavoriteImagesPresenterTests.swift in Sources */ = {isa = PBXBuildFile; fileRef = 70DE0A1C2B60E83C00BE484F /* FavoriteImagesPresenterTests.swift */; };
		70DE0A202B60E87A00BE484F /* FavoriteImagesInteractorMock.swift in Sources */ = {isa = PBXBuildFile; fileRef = 70DE0A1F2B60E87A00BE484F /* FavoriteImagesInteractorMock.swift */; };
		70DE0A222B60E88600BE484F /* FavoriteImagesPresenterMock.swift in Sources */ = {isa = PBXBuildFile; fileRef = 70DE0A212B60E88600BE484F /* FavoriteImagesPresenterMock.swift */; };
		70DE0A242B60E89200BE484F /* FavoriteImagesViewControllerMock.swift in Sources */ = {isa = PBXBuildFile; fileRef = 70DE0A232B60E89200BE484F /* FavoriteImagesViewControllerMock.swift */; };
/* End PBXBuildFile section */

/* Begin PBXContainerItemProxy section */
		70DE09E72B6028DD00BE484F /* PBXContainerItemProxy */ = {
			isa = PBXContainerItemProxy;
			containerPortal = 702DECE62B5984C700CFBCD7 /* Project object */;
			proxyType = 1;
			remoteGlobalIDString = 702DECED2B5984C700CFBCD7;
			remoteInfo = ImageGalleryApp;
		};
/* End PBXContainerItemProxy section */

/* Begin PBXFileReference section */
		702017872B5E8FBF00449A46 /* FileWorker.swift */ = {isa = PBXFileReference; lastKnownFileType = sourcecode.swift; path = FileWorker.swift; sourceTree = "<group>"; };
		7020178F2B5F9D5F00449A46 /* RealmManager.swift */ = {isa = PBXFileReference; lastKnownFileType = sourcecode.swift; path = RealmManager.swift; sourceTree = "<group>"; };
		702017912B5F9E0A00449A46 /* DBModels.swift */ = {isa = PBXFileReference; lastKnownFileType = sourcecode.swift; path = DBModels.swift; sourceTree = "<group>"; };
		702017932B5FB35000449A46 /* FavoriteImagesView.swift */ = {isa = PBXFileReference; lastKnownFileType = sourcecode.swift; path = FavoriteImagesView.swift; sourceTree = "<group>"; };
		702017952B5FB3BA00449A46 /* FavoriteImagesModels.swift */ = {isa = PBXFileReference; lastKnownFileType = sourcecode.swift; path = FavoriteImagesModels.swift; sourceTree = "<group>"; };
		702017972B5FB44F00449A46 /* ImageTableModels.swift */ = {isa = PBXFileReference; lastKnownFileType = sourcecode.swift; path = ImageTableModels.swift; sourceTree = "<group>"; };
		702DECEE2B5984C700CFBCD7 /* ImageGalleryApp.app */ = {isa = PBXFileReference; explicitFileType = wrapper.application; includeInIndex = 0; path = ImageGalleryApp.app; sourceTree = BUILT_PRODUCTS_DIR; };
		702DECF12B5984C700CFBCD7 /* AppDelegate.swift */ = {isa = PBXFileReference; lastKnownFileType = sourcecode.swift; path = AppDelegate.swift; sourceTree = "<group>"; };
		702DECF32B5984C700CFBCD7 /* SceneDelegate.swift */ = {isa = PBXFileReference; lastKnownFileType = sourcecode.swift; path = SceneDelegate.swift; sourceTree = "<group>"; };
		702DECFA2B5984C900CFBCD7 /* Assets.xcassets */ = {isa = PBXFileReference; lastKnownFileType = folder.assetcatalog; path = Assets.xcassets; sourceTree = "<group>"; };
		702DECFD2B5984C900CFBCD7 /* Base */ = {isa = PBXFileReference; lastKnownFileType = file.storyboard; name = Base; path = Base.lproj/LaunchScreen.storyboard; sourceTree = "<group>"; };
		702DECFF2B5984C900CFBCD7 /* Info.plist */ = {isa = PBXFileReference; lastKnownFileType = text.plist.xml; path = Info.plist; sourceTree = "<group>"; };
		702DED0A2B59899D00CFBCD7 /* MainTabCoordinator.swift */ = {isa = PBXFileReference; lastKnownFileType = sourcecode.swift; path = MainTabCoordinator.swift; sourceTree = "<group>"; };
		702DED122B59AB1400CFBCD7 /* RandomImagesViewController.swift */ = {isa = PBXFileReference; lastKnownFileType = sourcecode.swift; path = RandomImagesViewController.swift; sourceTree = "<group>"; };
		702DED142B59AB2500CFBCD7 /* RandomImagesInteractor.swift */ = {isa = PBXFileReference; lastKnownFileType = sourcecode.swift; path = RandomImagesInteractor.swift; sourceTree = "<group>"; };
		702DED162B59AB3200CFBCD7 /* RandomImagesPresenter.swift */ = {isa = PBXFileReference; lastKnownFileType = sourcecode.swift; path = RandomImagesPresenter.swift; sourceTree = "<group>"; };
		702DED1A2B59AB7700CFBCD7 /* FavoriteImagesViewController.swift */ = {isa = PBXFileReference; lastKnownFileType = sourcecode.swift; path = FavoriteImagesViewController.swift; sourceTree = "<group>"; };
		702DED1C2B59AB7F00CFBCD7 /* FavoriteImagesInteractor.swift */ = {isa = PBXFileReference; lastKnownFileType = sourcecode.swift; path = FavoriteImagesInteractor.swift; sourceTree = "<group>"; };
		702DED1E2B59AB8400CFBCD7 /* FavoriteImagesPresenter.swift */ = {isa = PBXFileReference; lastKnownFileType = sourcecode.swift; path = FavoriteImagesPresenter.swift; sourceTree = "<group>"; };
		702DED202B59AF2900CFBCD7 /* RandomImagesBuilder.swift */ = {isa = PBXFileReference; lastKnownFileType = sourcecode.swift; path = RandomImagesBuilder.swift; sourceTree = "<group>"; };
		702DED222B59B20B00CFBCD7 /* FavoriteImagesBuilder.swift */ = {isa = PBXFileReference; lastKnownFileType = sourcecode.swift; path = FavoriteImagesBuilder.swift; sourceTree = "<group>"; };
		702DED2A2B5A8A9D00CFBCD7 /* ImageTableViewCell.swift */ = {isa = PBXFileReference; lastKnownFileType = sourcecode.swift; path = ImageTableViewCell.swift; sourceTree = "<group>"; };
		702DED2C2B5A964300CFBCD7 /* ImageTableView.swift */ = {isa = PBXFileReference; lastKnownFileType = sourcecode.swift; path = ImageTableView.swift; sourceTree = "<group>"; };
		702DED2F2B5A97EC00CFBCD7 /* ImageTableViewCellModel.swift */ = {isa = PBXFileReference; lastKnownFileType = sourcecode.swift; path = ImageTableViewCellModel.swift; sourceTree = "<group>"; };
		709D6D1F2B5C555500D8F36E /* URLSession+Ext.swift */ = {isa = PBXFileReference; lastKnownFileType = sourcecode.swift; path = "URLSession+Ext.swift"; sourceTree = "<group>"; };
		709D6D222B5C55B700D8F36E /* RequestManager.swift */ = {isa = PBXFileReference; lastKnownFileType = sourcecode.swift; path = RequestManager.swift; sourceTree = "<group>"; };
		709D6D242B5C5A3800D8F36E /* DataLoader.swift */ = {isa = PBXFileReference; lastKnownFileType = sourcecode.swift; path = DataLoader.swift; sourceTree = "<group>"; };
		709D6D262B5C6BC800D8F36E /* RandomImagesModels.swift */ = {isa = PBXFileReference; lastKnownFileType = sourcecode.swift; path = RandomImagesModels.swift; sourceTree = "<group>"; };
		709D6D282B5C6F0400D8F36E /* RandomImagesView.swift */ = {isa = PBXFileReference; lastKnownFileType = sourcecode.swift; path = RandomImagesView.swift; sourceTree = "<group>"; };
		70DE09E32B6028DD00BE484F /* ImageGalleryAppTests.xctest */ = {isa = PBXFileReference; explicitFileType = wrapper.cfbundle; includeInIndex = 0; path = ImageGalleryAppTests.xctest; sourceTree = BUILT_PRODUCTS_DIR; };
		70DE09F92B602A2400BE484F /* RandomImagesViewControllerTests.swift */ = {isa = PBXFileReference; fileEncoding = 4; lastKnownFileType = sourcecode.swift; path = RandomImagesViewControllerTests.swift; sourceTree = "<group>"; };
		70DE09FA2B602A2400BE484F /* RandomImagesBuilderTests.swift */ = {isa = PBXFileReference; fileEncoding = 4; lastKnownFileType = sourcecode.swift; path = RandomImagesBuilderTests.swift; sourceTree = "<group>"; };
		70DE09FC2B602A2400BE484F /* RandomImagesInteractorTests.swift */ = {isa = PBXFileReference; fileEncoding = 4; lastKnownFileType = sourcecode.swift; path = RandomImagesInteractorTests.swift; sourceTree = "<group>"; };
		70DE09FD2B602A2400BE484F /* RandomImagesPresenterTests.swift */ = {isa = PBXFileReference; fileEncoding = 4; lastKnownFileType = sourcecode.swift; path = RandomImagesPresenterTests.swift; sourceTree = "<group>"; };
		70DE0A022B602BB900BE484F /* FavoriteImagesBuilderTests.swift */ = {isa = PBXFileReference; lastKnownFileType = sourcecode.swift; path = FavoriteImagesBuilderTests.swift; sourceTree = "<group>"; };
		70DE0A042B602C8D00BE484F /* RandomImagesInteractorMock.swift */ = {isa = PBXFileReference; lastKnownFileType = sourcecode.swift; path = RandomImagesInteractorMock.swift; sourceTree = "<group>"; };
		70DE0A062B6059B000BE484F /* RandomImagesPresenterMock.swift */ = {isa = PBXFileReference; lastKnownFileType = sourcecode.swift; path = RandomImagesPresenterMock.swift; sourceTree = "<group>"; };
		70DE0A0C2B605E6600BE484F /* RealmManagerMock.swift */ = {isa = PBXFileReference; lastKnownFileType = sourcecode.swift; path = RealmManagerMock.swift; sourceTree = "<group>"; };
		70DE0A0F2B60D6CE00BE484F /* FileWorkerMock.swift */ = {isa = PBXFileReference; lastKnownFileType = sourcecode.swift; path = FileWorkerMock.swift; sourceTree = "<group>"; };
		70DE0A142B60D7AC00BE484F /* DataLoaderMock.swift */ = {isa = PBXFileReference; lastKnownFileType = sourcecode.swift; path = DataLoaderMock.swift; sourceTree = "<group>"; };
		70DE0A162B60E51A00BE484F /* RandomImagesViewControllerMock.swift */ = {isa = PBXFileReference; lastKnownFileType = sourcecode.swift; path = RandomImagesViewControllerMock.swift; sourceTree = "<group>"; };
		70DE0A182B60E82800BE484F /* FavoriteImagesViewControllerTests.swift */ = {isa = PBXFileReference; lastKnownFileType = sourcecode.swift; path = FavoriteImagesViewControllerTests.swift; sourceTree = "<group>"; };
		70DE0A1A2B60E83100BE484F /* FavoriteImagesInteractorTests.swift */ = {isa = PBXFileReference; lastKnownFileType = sourcecode.swift; path = FavoriteImagesInteractorTests.swift; sourceTree = "<group>"; };
		70DE0A1C2B60E83C00BE484F /* FavoriteImagesPresenterTests.swift */ = {isa = PBXFileReference; lastKnownFileType = sourcecode.swift; path = FavoriteImagesPresenterTests.swift; sourceTree = "<group>"; };
		70DE0A1F2B60E87A00BE484F /* FavoriteImagesInteractorMock.swift */ = {isa = PBXFileReference; lastKnownFileType = sourcecode.swift; path = FavoriteImagesInteractorMock.swift; sourceTree = "<group>"; };
		70DE0A212B60E88600BE484F /* FavoriteImagesPresenterMock.swift */ = {isa = PBXFileReference; lastKnownFileType = sourcecode.swift; path = FavoriteImagesPresenterMock.swift; sourceTree = "<group>"; };
		70DE0A232B60E89200BE484F /* FavoriteImagesViewControllerMock.swift */ = {isa = PBXFileReference; lastKnownFileType = sourcecode.swift; path = FavoriteImagesViewControllerMock.swift; sourceTree = "<group>"; };
/* End PBXFileReference section */

/* Begin PBXFrameworksBuildPhase section */
		702DECEB2B5984C700CFBCD7 /* Frameworks */ = {
			isa = PBXFrameworksBuildPhase;
			buildActionMask = 2147483647;
			files = (
				7020178D2B5EFB6500449A46 /* RealmSwift in Frameworks */,
				7020178B2B5EFB6500449A46 /* Realm in Frameworks */,
				702DED262B59B5FF00CFBCD7 /* SnapKit in Frameworks */,
				702DED282B59B5FF00CFBCD7 /* SnapKit-Dynamic in Frameworks */,
			);
			runOnlyForDeploymentPostprocessing = 0;
		};
		70DE09E02B6028DD00BE484F /* Frameworks */ = {
			isa = PBXFrameworksBuildPhase;
			buildActionMask = 2147483647;
			files = (
				70DE09EE2B6028EA00BE484F /* Quick in Frameworks */,
				70DE09F12B6028F500BE484F /* Nimble in Frameworks */,
			);
			runOnlyForDeploymentPostprocessing = 0;
		};
/* End PBXFrameworksBuildPhase section */

/* Begin PBXGroup section */
		702017862B5E8D1A00449A46 /* FileManager */ = {
			isa = PBXGroup;
			children = (
				702017872B5E8FBF00449A46 /* FileWorker.swift */,
			);
			path = FileManager;
			sourceTree = "<group>";
		};
		7020178E2B5F9D4900449A46 /* DBWorking */ = {
			isa = PBXGroup;
			children = (
				7020178F2B5F9D5F00449A46 /* RealmManager.swift */,
				702017912B5F9E0A00449A46 /* DBModels.swift */,
			);
			path = DBWorking;
			sourceTree = "<group>";
		};
		702DECE52B5984C700CFBCD7 = {
			isa = PBXGroup;
			children = (
				702DECF02B5984C700CFBCD7 /* ImageGalleryApp */,
				70DE09E42B6028DD00BE484F /* ImageGalleryAppTests */,
				702DECEF2B5984C700CFBCD7 /* Products */,
			);
			sourceTree = "<group>";
		};
		702DECEF2B5984C700CFBCD7 /* Products */ = {
			isa = PBXGroup;
			children = (
				702DECEE2B5984C700CFBCD7 /* ImageGalleryApp.app */,
				70DE09E32B6028DD00BE484F /* ImageGalleryAppTests.xctest */,
			);
			name = Products;
			sourceTree = "<group>";
		};
		702DECF02B5984C700CFBCD7 /* ImageGalleryApp */ = {
			isa = PBXGroup;
			children = (
				702DED092B59880C00CFBCD7 /* Shared */,
				702DED082B59880500CFBCD7 /* App */,
				702DED072B5987FD00CFBCD7 /* Services */,
				702DED062B5987F200CFBCD7 /* Modules */,
				702DED052B5987E100CFBCD7 /* Sources */,
			);
			path = ImageGalleryApp;
			sourceTree = "<group>";
		};
		702DED052B5987E100CFBCD7 /* Sources */ = {
			isa = PBXGroup;
			children = (
				702DECFA2B5984C900CFBCD7 /* Assets.xcassets */,
				702DECFC2B5984C900CFBCD7 /* LaunchScreen.storyboard */,
				702DECFF2B5984C900CFBCD7 /* Info.plist */,
			);
			path = Sources;
			sourceTree = "<group>";
		};
		702DED062B5987F200CFBCD7 /* Modules */ = {
			isa = PBXGroup;
			children = (
				702DED112B59AB0000CFBCD7 /* RandomImages */,
				702DED192B59AB4B00CFBCD7 /* FavoritesImages */,
			);
			path = Modules;
			sourceTree = "<group>";
		};
		702DED072B5987FD00CFBCD7 /* Services */ = {
			isa = PBXGroup;
			children = (
				7020178E2B5F9D4900449A46 /* DBWorking */,
				702017862B5E8D1A00449A46 /* FileManager */,
				709D6D212B5C55A200D8F36E /* Networking */,
			);
			path = Services;
			sourceTree = "<group>";
		};
		702DED082B59880500CFBCD7 /* App */ = {
			isa = PBXGroup;
			children = (
				702DECF12B5984C700CFBCD7 /* AppDelegate.swift */,
				702DECF32B5984C700CFBCD7 /* SceneDelegate.swift */,
				702DED0A2B59899D00CFBCD7 /* MainTabCoordinator.swift */,
			);
			path = App;
			sourceTree = "<group>";
		};
		702DED092B59880C00CFBCD7 /* Shared */ = {
			isa = PBXGroup;
			children = (
				709D6D1E2B5C554800D8F36E /* Extensions */,
				702DED2E2B5A97D500CFBCD7 /* Models */,
				702DED292B5A8A9000CFBCD7 /* Views */,
			);
			path = Shared;
			sourceTree = "<group>";
		};
		702DED112B59AB0000CFBCD7 /* RandomImages */ = {
			isa = PBXGroup;
			children = (
				702DED202B59AF2900CFBCD7 /* RandomImagesBuilder.swift */,
				702DED122B59AB1400CFBCD7 /* RandomImagesViewController.swift */,
				702DED142B59AB2500CFBCD7 /* RandomImagesInteractor.swift */,
				702DED162B59AB3200CFBCD7 /* RandomImagesPresenter.swift */,
				709D6D262B5C6BC800D8F36E /* RandomImagesModels.swift */,
				709D6D282B5C6F0400D8F36E /* RandomImagesView.swift */,
			);
			path = RandomImages;
			sourceTree = "<group>";
		};
		702DED192B59AB4B00CFBCD7 /* FavoritesImages */ = {
			isa = PBXGroup;
			children = (
				702DED222B59B20B00CFBCD7 /* FavoriteImagesBuilder.swift */,
				702DED1A2B59AB7700CFBCD7 /* FavoriteImagesViewController.swift */,
				702DED1C2B59AB7F00CFBCD7 /* FavoriteImagesInteractor.swift */,
				702DED1E2B59AB8400CFBCD7 /* FavoriteImagesPresenter.swift */,
				702017932B5FB35000449A46 /* FavoriteImagesView.swift */,
				702017952B5FB3BA00449A46 /* FavoriteImagesModels.swift */,
			);
			path = FavoritesImages;
			sourceTree = "<group>";
		};
		702DED292B5A8A9000CFBCD7 /* Views */ = {
			isa = PBXGroup;
			children = (
				702DED2A2B5A8A9D00CFBCD7 /* ImageTableViewCell.swift */,
				702DED2C2B5A964300CFBCD7 /* ImageTableView.swift */,
				702017972B5FB44F00449A46 /* ImageTableModels.swift */,
			);
			path = Views;
			sourceTree = "<group>";
		};
		702DED2E2B5A97D500CFBCD7 /* Models */ = {
			isa = PBXGroup;
			children = (
				702DED2F2B5A97EC00CFBCD7 /* ImageTableViewCellModel.swift */,
			);
			path = Models;
			sourceTree = "<group>";
		};
		709D6D1E2B5C554800D8F36E /* Extensions */ = {
			isa = PBXGroup;
			children = (
				709D6D1F2B5C555500D8F36E /* URLSession+Ext.swift */,
			);
			path = Extensions;
			sourceTree = "<group>";
		};
		709D6D212B5C55A200D8F36E /* Networking */ = {
			isa = PBXGroup;
			children = (
				709D6D222B5C55B700D8F36E /* RequestManager.swift */,
				709D6D242B5C5A3800D8F36E /* DataLoader.swift */,
			);
			path = Networking;
			sourceTree = "<group>";
		};
		70DE09E42B6028DD00BE484F /* ImageGalleryAppTests */ = {
			isa = PBXGroup;
			children = (
				70DE09F42B602A2400BE484F /* App */,
				70DE09F62B602A2400BE484F /* Modules */,
				70DE09F32B602A2400BE484F /* Services */,
				70DE09F22B602A2400BE484F /* Shared */,
			);
			path = ImageGalleryAppTests;
			sourceTree = "<group>";
		};
		70DE09F22B602A2400BE484F /* Shared */ = {
			isa = PBXGroup;
			children = (
			);
			name = Shared;
			path = ../../ImageGalleryAppTests/Shared;
			sourceTree = "<group>";
		};
		70DE09F32B602A2400BE484F /* Services */ = {
			isa = PBXGroup;
			children = (
				70DE0A082B605E1000BE484F /* DBWorking */,
				70DE0A092B605E1700BE484F /* FileManager */,
				70DE0A0A2B605E1D00BE484F /* Networking */,
			);
			name = Services;
			path = ../../ImageGalleryAppTests/Services;
			sourceTree = "<group>";
		};
		70DE09F42B602A2400BE484F /* App */ = {
			isa = PBXGroup;
			children = (
				70DE09F52B602A2400BE484F /* MainTabCoordinatorTests */,
			);
			name = App;
			path = ../../ImageGalleryAppTests/App;
			sourceTree = "<group>";
		};
		70DE09F52B602A2400BE484F /* MainTabCoordinatorTests */ = {
			isa = PBXGroup;
			children = (
			);
			path = MainTabCoordinatorTests;
			sourceTree = "<group>";
		};
		70DE09F62B602A2400BE484F /* Modules */ = {
			isa = PBXGroup;
			children = (
				70DE09F72B602A2400BE484F /* FavoriteImagesTests */,
				70DE09F82B602A2400BE484F /* RandomImagesTests */,
			);
			name = Modules;
			path = ../../ImageGalleryAppTests/Modules;
			sourceTree = "<group>";
		};
		70DE09F72B602A2400BE484F /* FavoriteImagesTests */ = {
			isa = PBXGroup;
			children = (
				70DE0A1E2B60E84100BE484F /* Mock */,
				70DE0A022B602BB900BE484F /* FavoriteImagesBuilderTests.swift */,
				70DE0A182B60E82800BE484F /* FavoriteImagesViewControllerTests.swift */,
				70DE0A1A2B60E83100BE484F /* FavoriteImagesInteractorTests.swift */,
				70DE0A1C2B60E83C00BE484F /* FavoriteImagesPresenterTests.swift */,
			);
			path = FavoriteImagesTests;
			sourceTree = "<group>";
		};
		70DE09F82B602A2400BE484F /* RandomImagesTests */ = {
			isa = PBXGroup;
			children = (
				70DE09FB2B602A2400BE484F /* Mock */,
				70DE09F92B602A2400BE484F /* RandomImagesViewControllerTests.swift */,
				70DE09FA2B602A2400BE484F /* RandomImagesBuilderTests.swift */,
				70DE09FC2B602A2400BE484F /* RandomImagesInteractorTests.swift */,
				70DE09FD2B602A2400BE484F /* RandomImagesPresenterTests.swift */,
			);
			path = RandomImagesTests;
			sourceTree = "<group>";
		};
		70DE09FB2B602A2400BE484F /* Mock */ = {
			isa = PBXGroup;
			children = (
				70DE0A042B602C8D00BE484F /* RandomImagesInteractorMock.swift */,
				70DE0A062B6059B000BE484F /* RandomImagesPresenterMock.swift */,
				70DE0A162B60E51A00BE484F /* RandomImagesViewControllerMock.swift */,
			);
			path = Mock;
			sourceTree = "<group>";
		};
		70DE0A082B605E1000BE484F /* DBWorking */ = {
			isa = PBXGroup;
			children = (
				70DE0A0B2B605E5300BE484F /* Mock */,
			);
			path = DBWorking;
			sourceTree = "<group>";
		};
		70DE0A092B605E1700BE484F /* FileManager */ = {
			isa = PBXGroup;
			children = (
				70DE0A0E2B60D6C000BE484F /* Mock */,
			);
			path = FileManager;
			sourceTree = "<group>";
		};
		70DE0A0A2B605E1D00BE484F /* Networking */ = {
			isa = PBXGroup;
			children = (
				70DE0A132B60D7A100BE484F /* Mock */,
			);
			path = Networking;
			sourceTree = "<group>";
		};
		70DE0A0B2B605E5300BE484F /* Mock */ = {
			isa = PBXGroup;
			children = (
				70DE0A0C2B605E6600BE484F /* RealmManagerMock.swift */,
			);
			path = Mock;
			sourceTree = "<group>";
		};
		70DE0A0E2B60D6C000BE484F /* Mock */ = {
			isa = PBXGroup;
			children = (
				70DE0A0F2B60D6CE00BE484F /* FileWorkerMock.swift */,
			);
			path = Mock;
			sourceTree = "<group>";
		};
		70DE0A132B60D7A100BE484F /* Mock */ = {
			isa = PBXGroup;
			children = (
				70DE0A142B60D7AC00BE484F /* DataLoaderMock.swift */,
			);
			path = Mock;
			sourceTree = "<group>";
		};
		70DE0A1E2B60E84100BE484F /* Mock */ = {
			isa = PBXGroup;
			children = (
				70DE0A1F2B60E87A00BE484F /* FavoriteImagesInteractorMock.swift */,
				70DE0A212B60E88600BE484F /* FavoriteImagesPresenterMock.swift */,
				70DE0A232B60E89200BE484F /* FavoriteImagesViewControllerMock.swift */,
			);
			path = Mock;
			sourceTree = "<group>";
		};
/* End PBXGroup section */

/* Begin PBXNativeTarget section */
		702DECED2B5984C700CFBCD7 /* ImageGalleryApp */ = {
			isa = PBXNativeTarget;
			buildConfigurationList = 702DED022B5984C900CFBCD7 /* Build configuration list for PBXNativeTarget "ImageGalleryApp" */;
			buildPhases = (
				702DECEA2B5984C700CFBCD7 /* Sources */,
				702DECEB2B5984C700CFBCD7 /* Frameworks */,
				702DECEC2B5984C700CFBCD7 /* Resources */,
			);
			buildRules = (
			);
			dependencies = (
			);
			name = ImageGalleryApp;
			packageProductDependencies = (
				702DED252B59B5FF00CFBCD7 /* SnapKit */,
				702DED272B59B5FF00CFBCD7 /* SnapKit-Dynamic */,
				7020178A2B5EFB6500449A46 /* Realm */,
				7020178C2B5EFB6500449A46 /* RealmSwift */,
			);
			productName = ImageGalleryApp;
			productReference = 702DECEE2B5984C700CFBCD7 /* ImageGalleryApp.app */;
			productType = "com.apple.product-type.application";
		};
		70DE09E22B6028DD00BE484F /* ImageGalleryAppTests */ = {
			isa = PBXNativeTarget;
			buildConfigurationList = 70DE09E92B6028DD00BE484F /* Build configuration list for PBXNativeTarget "ImageGalleryAppTests" */;
			buildPhases = (
				70DE09DF2B6028DD00BE484F /* Sources */,
				70DE09E02B6028DD00BE484F /* Frameworks */,
				70DE09E12B6028DD00BE484F /* Resources */,
			);
			buildRules = (
			);
			dependencies = (
				70DE09E82B6028DD00BE484F /* PBXTargetDependency */,
			);
			name = ImageGalleryAppTests;
			packageProductDependencies = (
				70DE09ED2B6028EA00BE484F /* Quick */,
				70DE09F02B6028F500BE484F /* Nimble */,
			);
			productName = ImageGalleryAppTests;
			productReference = 70DE09E32B6028DD00BE484F /* ImageGalleryAppTests.xctest */;
			productType = "com.apple.product-type.bundle.unit-test";
		};
/* End PBXNativeTarget section */

/* Begin PBXProject section */
		702DECE62B5984C700CFBCD7 /* Project object */ = {
			isa = PBXProject;
			attributes = {
				BuildIndependentTargetsInParallel = 1;
				LastSwiftUpdateCheck = 1520;
				LastUpgradeCheck = 1520;
				TargetAttributes = {
					702DECED2B5984C700CFBCD7 = {
						CreatedOnToolsVersion = 15.2;
					};
					70DE09E22B6028DD00BE484F = {
						CreatedOnToolsVersion = 15.2;
						TestTargetID = 702DECED2B5984C700CFBCD7;
					};
				};
			};
			buildConfigurationList = 702DECE92B5984C700CFBCD7 /* Build configuration list for PBXProject "ImageGalleryApp" */;
			compatibilityVersion = "Xcode 14.0";
			developmentRegion = en;
			hasScannedForEncodings = 0;
			knownRegions = (
				en,
				Base,
			);
			mainGroup = 702DECE52B5984C700CFBCD7;
			packageReferences = (
				702DED242B59B5FF00CFBCD7 /* XCRemoteSwiftPackageReference "SnapKit" */,
				702017892B5EFB6500449A46 /* XCRemoteSwiftPackageReference "realm-swift" */,
				70DE09EC2B6028EA00BE484F /* XCRemoteSwiftPackageReference "Quick" */,
				70DE09EF2B6028F500BE484F /* XCRemoteSwiftPackageReference "Nimble" */,
			);
			productRefGroup = 702DECEF2B5984C700CFBCD7 /* Products */;
			projectDirPath = "";
			projectRoot = "";
			targets = (
				702DECED2B5984C700CFBCD7 /* ImageGalleryApp */,
				70DE09E22B6028DD00BE484F /* ImageGalleryAppTests */,
			);
		};
/* End PBXProject section */

/* Begin PBXResourcesBuildPhase section */
		702DECEC2B5984C700CFBCD7 /* Resources */ = {
			isa = PBXResourcesBuildPhase;
			buildActionMask = 2147483647;
			files = (
				702DECFE2B5984C900CFBCD7 /* LaunchScreen.storyboard in Resources */,
				702DECFB2B5984C900CFBCD7 /* Assets.xcassets in Resources */,
			);
			runOnlyForDeploymentPostprocessing = 0;
		};
		70DE09E12B6028DD00BE484F /* Resources */ = {
			isa = PBXResourcesBuildPhase;
			buildActionMask = 2147483647;
			files = (
			);
			runOnlyForDeploymentPostprocessing = 0;
		};
/* End PBXResourcesBuildPhase section */

/* Begin PBXSourcesBuildPhase section */
		702DECEA2B5984C700CFBCD7 /* Sources */ = {
			isa = PBXSourcesBuildPhase;
			buildActionMask = 2147483647;
			files = (
				702DED1D2B59AB7F00CFBCD7 /* FavoriteImagesInteractor.swift in Sources */,
				702DED1B2B59AB7700CFBCD7 /* FavoriteImagesViewController.swift in Sources */,
				709D6D272B5C6BC800D8F36E /* RandomImagesModels.swift in Sources */,
				709D6D202B5C555500D8F36E /* URLSession+Ext.swift in Sources */,
				709D6D232B5C55B700D8F36E /* RequestManager.swift in Sources */,
				702017902B5F9D5F00449A46 /* RealmManager.swift in Sources */,
				709D6D292B5C6F0400D8F36E /* RandomImagesView.swift in Sources */,
				702DED1F2B59AB8400CFBCD7 /* FavoriteImagesPresenter.swift in Sources */,
				702DECF22B5984C700CFBCD7 /* AppDelegate.swift in Sources */,
				702DED212B59AF2900CFBCD7 /* RandomImagesBuilder.swift in Sources */,
				702DED302B5A97EC00CFBCD7 /* ImageTableViewCellModel.swift in Sources */,
				702017922B5F9E0A00449A46 /* DBModels.swift in Sources */,
				702DED0B2B59899D00CFBCD7 /* MainTabCoordinator.swift in Sources */,
				702DED152B59AB2500CFBCD7 /* RandomImagesInteractor.swift in Sources */,
				702DED172B59AB3200CFBCD7 /* RandomImagesPresenter.swift in Sources */,
				709D6D252B5C5A3800D8F36E /* DataLoader.swift in Sources */,
				702DED232B59B20B00CFBCD7 /* FavoriteImagesBuilder.swift in Sources */,
				702017942B5FB35000449A46 /* FavoriteImagesView.swift in Sources */,
				702017882B5E8FBF00449A46 /* FileWorker.swift in Sources */,
				702DED2B2B5A8A9D00CFBCD7 /* ImageTableViewCell.swift in Sources */,
				702017982B5FB44F00449A46 /* ImageTableModels.swift in Sources */,
				702DED132B59AB1400CFBCD7 /* RandomImagesViewController.swift in Sources */,
				702DED2D2B5A964300CFBCD7 /* ImageTableView.swift in Sources */,
				702DECF42B5984C700CFBCD7 /* SceneDelegate.swift in Sources */,
				702017962B5FB3BB00449A46 /* FavoriteImagesModels.swift in Sources */,
			);
			runOnlyForDeploymentPostprocessing = 0;
		};
		70DE09DF2B6028DD00BE484F /* Sources */ = {
			isa = PBXSourcesBuildPhase;
			buildActionMask = 2147483647;
			files = (
				70DE0A032B602BB900BE484F /* FavoriteImagesBuilderTests.swift in Sources */,
				70DE0A072B6059B000BE484F /* RandomImagesPresenterMock.swift in Sources */,
				70DE0A192B60E82800BE484F /* FavoriteImagesViewControllerTests.swift in Sources */,
				70DE0A002B602A2400BE484F /* RandomImagesInteractorTests.swift in Sources */,
				70DE0A242B60E89200BE484F /* FavoriteImagesViewControllerMock.swift in Sources */,
				70DE0A052B602C8D00BE484F /* RandomImagesInteractorMock.swift in Sources */,
				70DE0A172B60E51A00BE484F /* RandomImagesViewControllerMock.swift in Sources */,
				70DE0A1B2B60E83100BE484F /* FavoriteImagesInteractorTests.swift in Sources */,
				70DE0A152B60D7AC00BE484F /* DataLoaderMock.swift in Sources */,
				70DE0A1D2B60E83C00BE484F /* FavoriteImagesPresenterTests.swift in Sources */,
				70DE09FF2B602A2400BE484F /* RandomImagesBuilderTests.swift in Sources */,
				70DE0A012B602A2400BE484F /* RandomImagesPresenterTests.swift in Sources */,
				70DE0A102B60D6CE00BE484F /* FileWorkerMock.swift in Sources */,
				70DE0A222B60E88600BE484F /* FavoriteImagesPresenterMock.swift in Sources */,
				70DE09FE2B602A2400BE484F /* RandomImagesViewControllerTests.swift in Sources */,
				70DE0A202B60E87A00BE484F /* FavoriteImagesInteractorMock.swift in Sources */,
				70DE0A0D2B605E6600BE484F /* RealmManagerMock.swift in Sources */,
			);
			runOnlyForDeploymentPostprocessing = 0;
		};
/* End PBXSourcesBuildPhase section */

/* Begin PBXTargetDependency section */
		70DE09E82B6028DD00BE484F /* PBXTargetDependency */ = {
			isa = PBXTargetDependency;
			target = 702DECED2B5984C700CFBCD7 /* ImageGalleryApp */;
			targetProxy = 70DE09E72B6028DD00BE484F /* PBXContainerItemProxy */;
		};
/* End PBXTargetDependency section */

/* Begin PBXVariantGroup section */
		702DECFC2B5984C900CFBCD7 /* LaunchScreen.storyboard */ = {
			isa = PBXVariantGroup;
			children = (
				702DECFD2B5984C900CFBCD7 /* Base */,
			);
			name = LaunchScreen.storyboard;
			sourceTree = "<group>";
		};
/* End PBXVariantGroup section */

/* Begin XCBuildConfiguration section */
		702DED002B5984C900CFBCD7 /* Debug */ = {
			isa = XCBuildConfiguration;
			buildSettings = {
				ALWAYS_SEARCH_USER_PATHS = NO;
				ASSETCATALOG_COMPILER_GENERATE_SWIFT_ASSET_SYMBOL_EXTENSIONS = YES;
				CLANG_ANALYZER_NONNULL = YES;
				CLANG_ANALYZER_NUMBER_OBJECT_CONVERSION = YES_AGGRESSIVE;
				CLANG_CXX_LANGUAGE_STANDARD = "gnu++20";
				CLANG_ENABLE_MODULES = YES;
				CLANG_ENABLE_OBJC_ARC = YES;
				CLANG_ENABLE_OBJC_WEAK = YES;
				CLANG_WARN_BLOCK_CAPTURE_AUTORELEASING = YES;
				CLANG_WARN_BOOL_CONVERSION = YES;
				CLANG_WARN_COMMA = YES;
				CLANG_WARN_CONSTANT_CONVERSION = YES;
				CLANG_WARN_DEPRECATED_OBJC_IMPLEMENTATIONS = YES;
				CLANG_WARN_DIRECT_OBJC_ISA_USAGE = YES_ERROR;
				CLANG_WARN_DOCUMENTATION_COMMENTS = YES;
				CLANG_WARN_EMPTY_BODY = YES;
				CLANG_WARN_ENUM_CONVERSION = YES;
				CLANG_WARN_INFINITE_RECURSION = YES;
				CLANG_WARN_INT_CONVERSION = YES;
				CLANG_WARN_NON_LITERAL_NULL_CONVERSION = YES;
				CLANG_WARN_OBJC_IMPLICIT_RETAIN_SELF = YES;
				CLANG_WARN_OBJC_LITERAL_CONVERSION = YES;
				CLANG_WARN_OBJC_ROOT_CLASS = YES_ERROR;
				CLANG_WARN_QUOTED_INCLUDE_IN_FRAMEWORK_HEADER = YES;
				CLANG_WARN_RANGE_LOOP_ANALYSIS = YES;
				CLANG_WARN_STRICT_PROTOTYPES = YES;
				CLANG_WARN_SUSPICIOUS_MOVE = YES;
				CLANG_WARN_UNGUARDED_AVAILABILITY = YES_AGGRESSIVE;
				CLANG_WARN_UNREACHABLE_CODE = YES;
				CLANG_WARN__DUPLICATE_METHOD_MATCH = YES;
				COPY_PHASE_STRIP = NO;
				DEBUG_INFORMATION_FORMAT = dwarf;
				ENABLE_STRICT_OBJC_MSGSEND = YES;
				ENABLE_TESTABILITY = YES;
				ENABLE_USER_SCRIPT_SANDBOXING = YES;
				GCC_C_LANGUAGE_STANDARD = gnu17;
				GCC_DYNAMIC_NO_PIC = NO;
				GCC_NO_COMMON_BLOCKS = YES;
				GCC_OPTIMIZATION_LEVEL = 0;
				GCC_PREPROCESSOR_DEFINITIONS = (
					"DEBUG=1",
					"$(inherited)",
				);
				GCC_WARN_64_TO_32_BIT_CONVERSION = YES;
				GCC_WARN_ABOUT_RETURN_TYPE = YES_ERROR;
				GCC_WARN_UNDECLARED_SELECTOR = YES;
				GCC_WARN_UNINITIALIZED_AUTOS = YES_AGGRESSIVE;
				GCC_WARN_UNUSED_FUNCTION = YES;
				GCC_WARN_UNUSED_VARIABLE = YES;
				IPHONEOS_DEPLOYMENT_TARGET = 17.2;
				LOCALIZATION_PREFERS_STRING_CATALOGS = YES;
				MTL_ENABLE_DEBUG_INFO = INCLUDE_SOURCE;
				MTL_FAST_MATH = YES;
				ONLY_ACTIVE_ARCH = YES;
				SDKROOT = iphoneos;
				SWIFT_ACTIVE_COMPILATION_CONDITIONS = "DEBUG $(inherited)";
				SWIFT_OPTIMIZATION_LEVEL = "-Onone";
			};
			name = Debug;
		};
		702DED012B5984C900CFBCD7 /* Release */ = {
			isa = XCBuildConfiguration;
			buildSettings = {
				ALWAYS_SEARCH_USER_PATHS = NO;
				ASSETCATALOG_COMPILER_GENERATE_SWIFT_ASSET_SYMBOL_EXTENSIONS = YES;
				CLANG_ANALYZER_NONNULL = YES;
				CLANG_ANALYZER_NUMBER_OBJECT_CONVERSION = YES_AGGRESSIVE;
				CLANG_CXX_LANGUAGE_STANDARD = "gnu++20";
				CLANG_ENABLE_MODULES = YES;
				CLANG_ENABLE_OBJC_ARC = YES;
				CLANG_ENABLE_OBJC_WEAK = YES;
				CLANG_WARN_BLOCK_CAPTURE_AUTORELEASING = YES;
				CLANG_WARN_BOOL_CONVERSION = YES;
				CLANG_WARN_COMMA = YES;
				CLANG_WARN_CONSTANT_CONVERSION = YES;
				CLANG_WARN_DEPRECATED_OBJC_IMPLEMENTATIONS = YES;
				CLANG_WARN_DIRECT_OBJC_ISA_USAGE = YES_ERROR;
				CLANG_WARN_DOCUMENTATION_COMMENTS = YES;
				CLANG_WARN_EMPTY_BODY = YES;
				CLANG_WARN_ENUM_CONVERSION = YES;
				CLANG_WARN_INFINITE_RECURSION = YES;
				CLANG_WARN_INT_CONVERSION = YES;
				CLANG_WARN_NON_LITERAL_NULL_CONVERSION = YES;
				CLANG_WARN_OBJC_IMPLICIT_RETAIN_SELF = YES;
				CLANG_WARN_OBJC_LITERAL_CONVERSION = YES;
				CLANG_WARN_OBJC_ROOT_CLASS = YES_ERROR;
				CLANG_WARN_QUOTED_INCLUDE_IN_FRAMEWORK_HEADER = YES;
				CLANG_WARN_RANGE_LOOP_ANALYSIS = YES;
				CLANG_WARN_STRICT_PROTOTYPES = YES;
				CLANG_WARN_SUSPICIOUS_MOVE = YES;
				CLANG_WARN_UNGUARDED_AVAILABILITY = YES_AGGRESSIVE;
				CLANG_WARN_UNREACHABLE_CODE = YES;
				CLANG_WARN__DUPLICATE_METHOD_MATCH = YES;
				COPY_PHASE_STRIP = NO;
				DEBUG_INFORMATION_FORMAT = "dwarf-with-dsym";
				ENABLE_NS_ASSERTIONS = NO;
				ENABLE_STRICT_OBJC_MSGSEND = YES;
				ENABLE_USER_SCRIPT_SANDBOXING = YES;
				GCC_C_LANGUAGE_STANDARD = gnu17;
				GCC_NO_COMMON_BLOCKS = YES;
				GCC_WARN_64_TO_32_BIT_CONVERSION = YES;
				GCC_WARN_ABOUT_RETURN_TYPE = YES_ERROR;
				GCC_WARN_UNDECLARED_SELECTOR = YES;
				GCC_WARN_UNINITIALIZED_AUTOS = YES_AGGRESSIVE;
				GCC_WARN_UNUSED_FUNCTION = YES;
				GCC_WARN_UNUSED_VARIABLE = YES;
				IPHONEOS_DEPLOYMENT_TARGET = 17.2;
				LOCALIZATION_PREFERS_STRING_CATALOGS = YES;
				MTL_ENABLE_DEBUG_INFO = NO;
				MTL_FAST_MATH = YES;
				SDKROOT = iphoneos;
				SWIFT_COMPILATION_MODE = wholemodule;
				VALIDATE_PRODUCT = YES;
			};
			name = Release;
		};
		702DED032B5984C900CFBCD7 /* Debug */ = {
			isa = XCBuildConfiguration;
			buildSettings = {
				ASSETCATALOG_COMPILER_APPICON_NAME = AppIcon;
				ASSETCATALOG_COMPILER_GLOBAL_ACCENT_COLOR_NAME = AccentColor;
				CODE_SIGN_STYLE = Automatic;
				CURRENT_PROJECT_VERSION = 1;
				DEVELOPMENT_TEAM = 5Z86D58HPL;
				GENERATE_INFOPLIST_FILE = YES;
				INFOPLIST_FILE = ImageGalleryApp/Sources/Info.plist;
				INFOPLIST_KEY_UIApplicationSupportsIndirectInputEvents = YES;
				INFOPLIST_KEY_UILaunchStoryboardName = LaunchScreen;
				INFOPLIST_KEY_UISupportedInterfaceOrientations_iPad = "UIInterfaceOrientationPortrait UIInterfaceOrientationPortraitUpsideDown UIInterfaceOrientationLandscapeLeft UIInterfaceOrientationLandscapeRight";
				INFOPLIST_KEY_UISupportedInterfaceOrientations_iPhone = "UIInterfaceOrientationPortrait UIInterfaceOrientationLandscapeLeft UIInterfaceOrientationLandscapeRight";
				IPHONEOS_DEPLOYMENT_TARGET = 15;
				LD_RUNPATH_SEARCH_PATHS = (
					"$(inherited)",
					"@executable_path/Frameworks",
				);
				MARKETING_VERSION = 1.0;
				PRODUCT_BUNDLE_IDENTIFIER = com.bikmurzin.ImageGalleryApp;
				PRODUCT_NAME = "$(TARGET_NAME)";
				SWIFT_EMIT_LOC_STRINGS = YES;
				SWIFT_VERSION = 5.0;
				TARGETED_DEVICE_FAMILY = 1;
			};
			name = Debug;
		};
		702DED042B5984C900CFBCD7 /* Release */ = {
			isa = XCBuildConfiguration;
			buildSettings = {
				ASSETCATALOG_COMPILER_APPICON_NAME = AppIcon;
				ASSETCATALOG_COMPILER_GLOBAL_ACCENT_COLOR_NAME = AccentColor;
				CODE_SIGN_STYLE = Automatic;
				CURRENT_PROJECT_VERSION = 1;
				DEVELOPMENT_TEAM = 5Z86D58HPL;
				GENERATE_INFOPLIST_FILE = YES;
				INFOPLIST_FILE = ImageGalleryApp/Sources/Info.plist;
				INFOPLIST_KEY_UIApplicationSupportsIndirectInputEvents = YES;
				INFOPLIST_KEY_UILaunchStoryboardName = LaunchScreen;
				INFOPLIST_KEY_UISupportedInterfaceOrientations_iPad = "UIInterfaceOrientationPortrait UIInterfaceOrientationPortraitUpsideDown UIInterfaceOrientationLandscapeLeft UIInterfaceOrientationLandscapeRight";
				INFOPLIST_KEY_UISupportedInterfaceOrientations_iPhone = "UIInterfaceOrientationPortrait UIInterfaceOrientationLandscapeLeft UIInterfaceOrientationLandscapeRight";
				IPHONEOS_DEPLOYMENT_TARGET = 15;
				LD_RUNPATH_SEARCH_PATHS = (
					"$(inherited)",
					"@executable_path/Frameworks",
				);
				MARKETING_VERSION = 1.0;
				PRODUCT_BUNDLE_IDENTIFIER = com.bikmurzin.ImageGalleryApp;
				PRODUCT_NAME = "$(TARGET_NAME)";
				SWIFT_EMIT_LOC_STRINGS = YES;
				SWIFT_VERSION = 5.0;
				TARGETED_DEVICE_FAMILY = 1;
			};
			name = Release;
		};
		70DE09EA2B6028DD00BE484F /* Debug */ = {
			isa = XCBuildConfiguration;
			buildSettings = {
				BUNDLE_LOADER = "$(TEST_HOST)";
				CODE_SIGN_STYLE = Automatic;
				CURRENT_PROJECT_VERSION = 1;
				DEVELOPMENT_TEAM = 5Z86D58HPL;
				GENERATE_INFOPLIST_FILE = YES;
				MARKETING_VERSION = 1.0;
				PRODUCT_BUNDLE_IDENTIFIER = com.bikmurzin.ImageGalleryAppTests;
				PRODUCT_NAME = "$(TARGET_NAME)";
				SWIFT_EMIT_LOC_STRINGS = NO;
				SWIFT_VERSION = 5.0;
				TARGETED_DEVICE_FAMILY = "1,2";
				TEST_HOST = "$(BUILT_PRODUCTS_DIR)/ImageGalleryApp.app/$(BUNDLE_EXECUTABLE_FOLDER_PATH)/ImageGalleryApp";
			};
			name = Debug;
		};
		70DE09EB2B6028DD00BE484F /* Release */ = {
			isa = XCBuildConfiguration;
			buildSettings = {
				BUNDLE_LOADER = "$(TEST_HOST)";
				CODE_SIGN_STYLE = Automatic;
				CURRENT_PROJECT_VERSION = 1;
				DEVELOPMENT_TEAM = 5Z86D58HPL;
				GENERATE_INFOPLIST_FILE = YES;
				MARKETING_VERSION = 1.0;
				PRODUCT_BUNDLE_IDENTIFIER = com.bikmurzin.ImageGalleryAppTests;
				PRODUCT_NAME = "$(TARGET_NAME)";
				SWIFT_EMIT_LOC_STRINGS = NO;
				SWIFT_VERSION = 5.0;
				TARGETED_DEVICE_FAMILY = "1,2";
				TEST_HOST = "$(BUILT_PRODUCTS_DIR)/ImageGalleryApp.app/$(BUNDLE_EXECUTABLE_FOLDER_PATH)/ImageGalleryApp";
			};
			name = Release;
		};
/* End XCBuildConfiguration section */

/* Begin XCConfigurationList section */
		702DECE92B5984C700CFBCD7 /* Build configuration list for PBXProject "ImageGalleryApp" */ = {
			isa = XCConfigurationList;
			buildConfigurations = (
				702DED002B5984C900CFBCD7 /* Debug */,
				702DED012B5984C900CFBCD7 /* Release */,
			);
			defaultConfigurationIsVisible = 0;
			defaultConfigurationName = Release;
		};
		702DED022B5984C900CFBCD7 /* Build configuration list for PBXNativeTarget "ImageGalleryApp" */ = {
			isa = XCConfigurationList;
			buildConfigurations = (
				702DED032B5984C900CFBCD7 /* Debug */,
				702DED042B5984C900CFBCD7 /* Release */,
			);
			defaultConfigurationIsVisible = 0;
			defaultConfigurationName = Release;
		};
		70DE09E92B6028DD00BE484F /* Build configuration list for PBXNativeTarget "ImageGalleryAppTests" */ = {
			isa = XCConfigurationList;
			buildConfigurations = (
				70DE09EA2B6028DD00BE484F /* Debug */,
				70DE09EB2B6028DD00BE484F /* Release */,
			);
			defaultConfigurationIsVisible = 0;
			defaultConfigurationName = Release;
		};
/* End XCConfigurationList section */

/* Begin XCRemoteSwiftPackageReference section */
		702017892B5EFB6500449A46 /* XCRemoteSwiftPackageReference "realm-swift" */ = {
			isa = XCRemoteSwiftPackageReference;
			repositoryURL = "https://github.com/realm/realm-swift.git";
			requirement = {
				branch = master;
				kind = branch;
			};
		};
		702DED242B59B5FF00CFBCD7 /* XCRemoteSwiftPackageReference "SnapKit" */ = {
			isa = XCRemoteSwiftPackageReference;
			repositoryURL = "https://github.com/SnapKit/SnapKit.git";
			requirement = {
				kind = upToNextMajorVersion;
				minimumVersion = 5.7.0;
			};
		};
		70DE09EC2B6028EA00BE484F /* XCRemoteSwiftPackageReference "Quick" */ = {
			isa = XCRemoteSwiftPackageReference;
			repositoryURL = "https://github.com/Quick/Quick.git";
			requirement = {
				branch = main;
				kind = branch;
			};
		};
		70DE09EF2B6028F500BE484F /* XCRemoteSwiftPackageReference "Nimble" */ = {
			isa = XCRemoteSwiftPackageReference;
			repositoryURL = "https://github.com/Quick/Nimble";
			requirement = {
				branch = main;
				kind = branch;
			};
		};
/* End XCRemoteSwiftPackageReference section */

/* Begin XCSwiftPackageProductDependency section */
		7020178A2B5EFB6500449A46 /* Realm */ = {
			isa = XCSwiftPackageProductDependency;
			package = 702017892B5EFB6500449A46 /* XCRemoteSwiftPackageReference "realm-swift" */;
			productName = Realm;
		};
		7020178C2B5EFB6500449A46 /* RealmSwift */ = {
			isa = XCSwiftPackageProductDependency;
			package = 702017892B5EFB6500449A46 /* XCRemoteSwiftPackageReference "realm-swift" */;
			productName = RealmSwift;
		};
		702DED252B59B5FF00CFBCD7 /* SnapKit */ = {
			isa = XCSwiftPackageProductDependency;
			package = 702DED242B59B5FF00CFBCD7 /* XCRemoteSwiftPackageReference "SnapKit" */;
			productName = SnapKit;
		};
		702DED272B59B5FF00CFBCD7 /* SnapKit-Dynamic */ = {
			isa = XCSwiftPackageProductDependency;
			package = 702DED242B59B5FF00CFBCD7 /* XCRemoteSwiftPackageReference "SnapKit" */;
			productName = "SnapKit-Dynamic";
		};
		70DE09ED2B6028EA00BE484F /* Quick */ = {
			isa = XCSwiftPackageProductDependency;
			package = 70DE09EC2B6028EA00BE484F /* XCRemoteSwiftPackageReference "Quick" */;
			productName = Quick;
		};
		70DE09F02B6028F500BE484F /* Nimble */ = {
			isa = XCSwiftPackageProductDependency;
			package = 70DE09EF2B6028F500BE484F /* XCRemoteSwiftPackageReference "Nimble" */;
			productName = Nimble;
		};
/* End XCSwiftPackageProductDependency section */
	};
	rootObject = 702DECE62B5984C700CFBCD7 /* Project object */;
}
