// !$*UTF8*$!
{
	archiveVersion = 1;
	classes = {
	};
	objectVersion = 56;
	objects = {

/* Begin PBXBuildFile section */
		702DECF22B5984C700CFBCD7 /* AppDelegate.swift in Sources */ = {isa = PBXBuildFile; fileRef = 702DECF12B5984C700CFBCD7 /* AppDelegate.swift */; };
		702DECF42B5984C700CFBCD7 /* SceneDelegate.swift in Sources */ = {isa = PBXBuildFile; fileRef = 702DECF32B5984C700CFBCD7 /* SceneDelegate.swift */; };
		702DECFB2B5984C900CFBCD7 /* Assets.xcassets in Resources */ = {isa = PBXBuildFile; fileRef = 702DECFA2B5984C900CFBCD7 /* Assets.xcassets */; };
		702DECFE2B5984C900CFBCD7 /* LaunchScreen.storyboard in Resources */ = {isa = PBXBuildFile; fileRef = 702DECFC2B5984C900CFBCD7 /* LaunchScreen.storyboard */; };
		702DED0B2B59899D00CFBCD7 /* MainTabCoordinator.swift in Sources */ = {isa = PBXBuildFile; fileRef = 702DED0A2B59899D00CFBCD7 /* MainTabCoordinator.swift */; };
		702DED132B59AB1400CFBCD7 /* RandomImagesViewController.swift in Sources */ = {isa = PBXBuildFile; fileRef = 702DED122B59AB1400CFBCD7 /* RandomImagesViewController.swift */; };
		702DED152B59AB2500CFBCD7 /* RandomImagesInteractor.swift in Sources */ = {isa = PBXBuildFile; fileRef = 702DED142B59AB2500CFBCD7 /* RandomImagesInteractor.swift */; };
		702DED172B59AB3200CFBCD7 /* RandomImagesPresenter.swift in Sources */ = {isa = PBXBuildFile; fileRef = 702DED162B59AB3200CFBCD7 /* RandomImagesPresenter.swift */; };
		702DED1B2B59AB7700CFBCD7 /* FavoriteImagesViewController.swift in Sources */ = {isa = PBXBuildFile; fileRef = 702DED1A2B59AB7700CFBCD7 /* FavoriteImagesViewController.swift */; };
		702DED1D2B59AB7F00CFBCD7 /* FavoriteImagesInteractor.swift in Sources */ = {isa = PBXBuildFile; fileRef = 702DED1C2B59AB7F00CFBCD7 /* FavoriteImagesInteractor.swift */; };
		702DED1F2B59AB8400CFBCD7 /* FavoriteImagesPresenter.swift in Sources */ = {isa = PBXBuildFile; fileRef = 702DED1E2B59AB8400CFBCD7 /* FavoriteImagesPresenter.swift */; };
		702DED212B59AF2900CFBCD7 /* RandomImagesBuilder.swift in Sources */ = {isa = PBXBuildFile; fileRef = 702DED202B59AF2900CFBCD7 /* RandomImagesBuilder.swift */; };
		702DED232B59B20B00CFBCD7 /* FavoriteImagesBuilder.swift in Sources */ = {isa = PBXBuildFile; fileRef = 702DED222B59B20B00CFBCD7 /* FavoriteImagesBuilder.swift */; };
		702DED262B59B5FF00CFBCD7 /* SnapKit in Frameworks */ = {isa = PBXBuildFile; productRef = 702DED252B59B5FF00CFBCD7 /* SnapKit */; };
		702DED282B59B5FF00CFBCD7 /* SnapKit-Dynamic in Frameworks */ = {isa = PBXBuildFile; productRef = 702DED272B59B5FF00CFBCD7 /* SnapKit-Dynamic */; };
		702DED2B2B5A8A9D00CFBCD7 /* ImageTableViewCell.swift in Sources */ = {isa = PBXBuildFile; fileRef = 702DED2A2B5A8A9D00CFBCD7 /* ImageTableViewCell.swift */; };
/* End PBXBuildFile section */

/* Begin PBXFileReference section */
		702DECEE2B5984C700CFBCD7 /* ImageGalleryApp.app */ = {isa = PBXFileReference; explicitFileType = wrapper.application; includeInIndex = 0; path = ImageGalleryApp.app; sourceTree = BUILT_PRODUCTS_DIR; };
		702DECF12B5984C700CFBCD7 /* AppDelegate.swift */ = {isa = PBXFileReference; lastKnownFileType = sourcecode.swift; path = AppDelegate.swift; sourceTree = "<group>"; };
		702DECF32B5984C700CFBCD7 /* SceneDelegate.swift */ = {isa = PBXFileReference; lastKnownFileType = sourcecode.swift; path = SceneDelegate.swift; sourceTree = "<group>"; };
		702DECFA2B5984C900CFBCD7 /* Assets.xcassets */ = {isa = PBXFileReference; lastKnownFileType = folder.assetcatalog; path = Assets.xcassets; sourceTree = "<group>"; };
		702DECFD2B5984C900CFBCD7 /* Base */ = {isa = PBXFileReference; lastKnownFileType = file.storyboard; name = Base; path = Base.lproj/LaunchScreen.storyboard; sourceTree = "<group>"; };
		702DECFF2B5984C900CFBCD7 /* Info.plist */ = {isa = PBXFileReference; lastKnownFileType = text.plist.xml; path = Info.plist; sourceTree = "<group>"; };
		702DED0A2B59899D00CFBCD7 /* MainTabCoordinator.swift */ = {isa = PBXFileReference; lastKnownFileType = sourcecode.swift; path = MainTabCoordinator.swift; sourceTree = "<group>"; };
		702DED122B59AB1400CFBCD7 /* RandomImagesViewController.swift */ = {isa = PBXFileReference; lastKnownFileType = sourcecode.swift; path = RandomImagesViewController.swift; sourceTree = "<group>"; };
		702DED142B59AB2500CFBCD7 /* RandomImagesInteractor.swift */ = {isa = PBXFileReference; lastKnownFileType = sourcecode.swift; path = RandomImagesInteractor.swift; sourceTree = "<group>"; };
		702DED162B59AB3200CFBCD7 /* RandomImagesPresenter.swift */ = {isa = PBXFileReference; lastKnownFileType = sourcecode.swift; path = RandomImagesPresenter.swift; sourceTree = "<group>"; };
		702DED1A2B59AB7700CFBCD7 /* FavoriteImagesViewController.swift */ = {isa = PBXFileReference; lastKnownFileType = sourcecode.swift; path = FavoriteImagesViewController.swift; sourceTree = "<group>"; };
		702DED1C2B59AB7F00CFBCD7 /* FavoriteImagesInteractor.swift */ = {isa = PBXFileReference; lastKnownFileType = sourcecode.swift; path = FavoriteImagesInteractor.swift; sourceTree = "<group>"; };
		702DED1E2B59AB8400CFBCD7 /* FavoriteImagesPresenter.swift */ = {isa = PBXFileReference; lastKnownFileType = sourcecode.swift; path = FavoriteImagesPresenter.swift; sourceTree = "<group>"; };
		702DED202B59AF2900CFBCD7 /* RandomImagesBuilder.swift */ = {isa = PBXFileReference; lastKnownFileType = sourcecode.swift; path = RandomImagesBuilder.swift; sourceTree = "<group>"; };
		702DED222B59B20B00CFBCD7 /* FavoriteImagesBuilder.swift */ = {isa = PBXFileReference; lastKnownFileType = sourcecode.swift; path = FavoriteImagesBuilder.swift; sourceTree = "<group>"; };
		702DED2A2B5A8A9D00CFBCD7 /* ImageTableViewCell.swift */ = {isa = PBXFileReference; lastKnownFileType = sourcecode.swift; path = ImageTableViewCell.swift; sourceTree = "<group>"; };
/* End PBXFileReference section */

/* Begin PBXFrameworksBuildPhase section */
		702DECEB2B5984C700CFBCD7 /* Frameworks */ = {
			isa = PBXFrameworksBuildPhase;
			buildActionMask = 2147483647;
			files = (
				702DED262B59B5FF00CFBCD7 /* SnapKit in Frameworks */,
				702DED282B59B5FF00CFBCD7 /* SnapKit-Dynamic in Frameworks */,
			);
			runOnlyForDeploymentPostprocessing = 0;
		};
/* End PBXFrameworksBuildPhase section */

/* Begin PBXGroup section */
		702DECE52B5984C700CFBCD7 = {
			isa = PBXGroup;
			children = (
				702DECF02B5984C700CFBCD7 /* ImageGalleryApp */,
				702DECEF2B5984C700CFBCD7 /* Products */,
			);
			sourceTree = "<group>";
		};
		702DECEF2B5984C700CFBCD7 /* Products */ = {
			isa = PBXGroup;
			children = (
				702DECEE2B5984C700CFBCD7 /* ImageGalleryApp.app */,
			);
			name = Products;
			sourceTree = "<group>";
		};
		702DECF02B5984C700CFBCD7 /* ImageGalleryApp */ = {
			isa = PBXGroup;
			children = (
				702DED092B59880C00CFBCD7 /* Shared */,
				702DED082B59880500CFBCD7 /* App */,
				702DED072B5987FD00CFBCD7 /* Services */,
				702DED062B5987F200CFBCD7 /* Modules */,
				702DED052B5987E100CFBCD7 /* Sources */,
			);
			path = ImageGalleryApp;
			sourceTree = "<group>";
		};
		702DED052B5987E100CFBCD7 /* Sources */ = {
			isa = PBXGroup;
			children = (
				702DECFA2B5984C900CFBCD7 /* Assets.xcassets */,
				702DECFC2B5984C900CFBCD7 /* LaunchScreen.storyboard */,
				702DECFF2B5984C900CFBCD7 /* Info.plist */,
			);
			path = Sources;
			sourceTree = "<group>";
		};
		702DED062B5987F200CFBCD7 /* Modules */ = {
			isa = PBXGroup;
			children = (
				702DED112B59AB0000CFBCD7 /* RandomImages */,
				702DED192B59AB4B00CFBCD7 /* FavoritesImages */,
			);
			path = Modules;
			sourceTree = "<group>";
		};
		702DED072B5987FD00CFBCD7 /* Services */ = {
			isa = PBXGroup;
			children = (
			);
			path = Services;
			sourceTree = "<group>";
		};
		702DED082B59880500CFBCD7 /* App */ = {
			isa = PBXGroup;
			children = (
				702DECF12B5984C700CFBCD7 /* AppDelegate.swift */,
				702DECF32B5984C700CFBCD7 /* SceneDelegate.swift */,
				702DED0A2B59899D00CFBCD7 /* MainTabCoordinator.swift */,
			);
			path = App;
			sourceTree = "<group>";
		};
		702DED092B59880C00CFBCD7 /* Shared */ = {
			isa = PBXGroup;
			children = (
				702DED292B5A8A9000CFBCD7 /* Views */,
			);
			path = Shared;
			sourceTree = "<group>";
		};
		702DED112B59AB0000CFBCD7 /* RandomImages */ = {
			isa = PBXGroup;
			children = (
				702DED202B59AF2900CFBCD7 /* RandomImagesBuilder.swift */,
				702DED122B59AB1400CFBCD7 /* RandomImagesViewController.swift */,
				702DED142B59AB2500CFBCD7 /* RandomImagesInteractor.swift */,
				702DED162B59AB3200CFBCD7 /* RandomImagesPresenter.swift */,
			);
			path = RandomImages;
			sourceTree = "<group>";
		};
		702DED192B59AB4B00CFBCD7 /* FavoritesImages */ = {
			isa = PBXGroup;
			children = (
				702DED222B59B20B00CFBCD7 /* FavoriteImagesBuilder.swift */,
				702DED1A2B59AB7700CFBCD7 /* FavoriteImagesViewController.swift */,
				702DED1C2B59AB7F00CFBCD7 /* FavoriteImagesInteractor.swift */,
				702DED1E2B59AB8400CFBCD7 /* FavoriteImagesPresenter.swift */,
			);
			path = FavoritesImages;
			sourceTree = "<group>";
		};
		702DED292B5A8A9000CFBCD7 /* Views */ = {
			isa = PBXGroup;
			children = (
				702DED2A2B5A8A9D00CFBCD7 /* ImageTableViewCell.swift */,
			);
			path = Views;
			sourceTree = "<group>";
		};
/* End PBXGroup section */

/* Begin PBXNativeTarget section */
		702DECED2B5984C700CFBCD7 /* ImageGalleryApp */ = {
			isa = PBXNativeTarget;
			buildConfigurationList = 702DED022B5984C900CFBCD7 /* Build configuration list for PBXNativeTarget "ImageGalleryApp" */;
			buildPhases = (
				702DECEA2B5984C700CFBCD7 /* Sources */,
				702DECEB2B5984C700CFBCD7 /* Frameworks */,
				702DECEC2B5984C700CFBCD7 /* Resources */,
			);
			buildRules = (
			);
			dependencies = (
			);
			name = ImageGalleryApp;
			packageProductDependencies = (
				702DED252B59B5FF00CFBCD7 /* SnapKit */,
				702DED272B59B5FF00CFBCD7 /* SnapKit-Dynamic */,
			);
			productName = ImageGalleryApp;
			productReference = 702DECEE2B5984C700CFBCD7 /* ImageGalleryApp.app */;
			productType = "com.apple.product-type.application";
		};
/* End PBXNativeTarget section */

/* Begin PBXProject section */
		702DECE62B5984C700CFBCD7 /* Project object */ = {
			isa = PBXProject;
			attributes = {
				BuildIndependentTargetsInParallel = 1;
				LastSwiftUpdateCheck = 1520;
				LastUpgradeCheck = 1520;
				TargetAttributes = {
					702DECED2B5984C700CFBCD7 = {
						CreatedOnToolsVersion = 15.2;
					};
				};
			};
			buildConfigurationList = 702DECE92B5984C700CFBCD7 /* Build configuration list for PBXProject "ImageGalleryApp" */;
			compatibilityVersion = "Xcode 14.0";
			developmentRegion = en;
			hasScannedForEncodings = 0;
			knownRegions = (
				en,
				Base,
			);
			mainGroup = 702DECE52B5984C700CFBCD7;
			packageReferences = (
				702DED242B59B5FF00CFBCD7 /* XCRemoteSwiftPackageReference "SnapKit" */,
			);
			productRefGroup = 702DECEF2B5984C700CFBCD7 /* Products */;
			projectDirPath = "";
			projectRoot = "";
			targets = (
				702DECED2B5984C700CFBCD7 /* ImageGalleryApp */,
			);
		};
/* End PBXProject section */

/* Begin PBXResourcesBuildPhase section */
		702DECEC2B5984C700CFBCD7 /* Resources */ = {
			isa = PBXResourcesBuildPhase;
			buildActionMask = 2147483647;
			files = (
				702DECFE2B5984C900CFBCD7 /* LaunchScreen.storyboard in Resources */,
				702DECFB2B5984C900CFBCD7 /* Assets.xcassets in Resources */,
			);
			runOnlyForDeploymentPostprocessing = 0;
		};
/* End PBXResourcesBuildPhase section */

/* Begin PBXSourcesBuildPhase section */
		702DECEA2B5984C700CFBCD7 /* Sources */ = {
			isa = PBXSourcesBuildPhase;
			buildActionMask = 2147483647;
			files = (
				702DED1D2B59AB7F00CFBCD7 /* FavoriteImagesInteractor.swift in Sources */,
				702DED1B2B59AB7700CFBCD7 /* FavoriteImagesViewController.swift in Sources */,
				702DED1F2B59AB8400CFBCD7 /* FavoriteImagesPresenter.swift in Sources */,
				702DECF22B5984C700CFBCD7 /* AppDelegate.swift in Sources */,
				702DED212B59AF2900CFBCD7 /* RandomImagesBuilder.swift in Sources */,
				702DED0B2B59899D00CFBCD7 /* MainTabCoordinator.swift in Sources */,
				702DED152B59AB2500CFBCD7 /* RandomImagesInteractor.swift in Sources */,
				702DED172B59AB3200CFBCD7 /* RandomImagesPresenter.swift in Sources */,
				702DED232B59B20B00CFBCD7 /* FavoriteImagesBuilder.swift in Sources */,
				702DED2B2B5A8A9D00CFBCD7 /* ImageTableViewCell.swift in Sources */,
				702DED132B59AB1400CFBCD7 /* RandomImagesViewController.swift in Sources */,
				702DECF42B5984C700CFBCD7 /* SceneDelegate.swift in Sources */,
			);
			runOnlyForDeploymentPostprocessing = 0;
		};
/* End PBXSourcesBuildPhase section */

/* Begin PBXVariantGroup section */
		702DECFC2B5984C900CFBCD7 /* LaunchScreen.storyboard */ = {
			isa = PBXVariantGroup;
			children = (
				702DECFD2B5984C900CFBCD7 /* Base */,
			);
			name = LaunchScreen.storyboard;
			sourceTree = "<group>";
		};
/* End PBXVariantGroup section */

/* Begin XCBuildConfiguration section */
		702DED002B5984C900CFBCD7 /* Debug */ = {
			isa = XCBuildConfiguration;
			buildSettings = {
				ALWAYS_SEARCH_USER_PATHS = NO;
				ASSETCATALOG_COMPILER_GENERATE_SWIFT_ASSET_SYMBOL_EXTENSIONS = YES;
				CLANG_ANALYZER_NONNULL = YES;
				CLANG_ANALYZER_NUMBER_OBJECT_CONVERSION = YES_AGGRESSIVE;
				CLANG_CXX_LANGUAGE_STANDARD = "gnu++20";
				CLANG_ENABLE_MODULES = YES;
				CLANG_ENABLE_OBJC_ARC = YES;
				CLANG_ENABLE_OBJC_WEAK = YES;
				CLANG_WARN_BLOCK_CAPTURE_AUTORELEASING = YES;
				CLANG_WARN_BOOL_CONVERSION = YES;
				CLANG_WARN_COMMA = YES;
				CLANG_WARN_CONSTANT_CONVERSION = YES;
				CLANG_WARN_DEPRECATED_OBJC_IMPLEMENTATIONS = YES;
				CLANG_WARN_DIRECT_OBJC_ISA_USAGE = YES_ERROR;
				CLANG_WARN_DOCUMENTATION_COMMENTS = YES;
				CLANG_WARN_EMPTY_BODY = YES;
				CLANG_WARN_ENUM_CONVERSION = YES;
				CLANG_WARN_INFINITE_RECURSION = YES;
				CLANG_WARN_INT_CONVERSION = YES;
				CLANG_WARN_NON_LITERAL_NULL_CONVERSION = YES;
				CLANG_WARN_OBJC_IMPLICIT_RETAIN_SELF = YES;
				CLANG_WARN_OBJC_LITERAL_CONVERSION = YES;
				CLANG_WARN_OBJC_ROOT_CLASS = YES_ERROR;
				CLANG_WARN_QUOTED_INCLUDE_IN_FRAMEWORK_HEADER = YES;
				CLANG_WARN_RANGE_LOOP_ANALYSIS = YES;
				CLANG_WARN_STRICT_PROTOTYPES = YES;
				CLANG_WARN_SUSPICIOUS_MOVE = YES;
				CLANG_WARN_UNGUARDED_AVAILABILITY = YES_AGGRESSIVE;
				CLANG_WARN_UNREACHABLE_CODE = YES;
				CLANG_WARN__DUPLICATE_METHOD_MATCH = YES;
				COPY_PHASE_STRIP = NO;
				DEBUG_INFORMATION_FORMAT = dwarf;
				ENABLE_STRICT_OBJC_MSGSEND = YES;
				ENABLE_TESTABILITY = YES;
				ENABLE_USER_SCRIPT_SANDBOXING = YES;
				GCC_C_LANGUAGE_STANDARD = gnu17;
				GCC_DYNAMIC_NO_PIC = NO;
				GCC_NO_COMMON_BLOCKS = YES;
				GCC_OPTIMIZATION_LEVEL = 0;
				GCC_PREPROCESSOR_DEFINITIONS = (
					"DEBUG=1",
					"$(inherited)",
				);
				GCC_WARN_64_TO_32_BIT_CONVERSION = YES;
				GCC_WARN_ABOUT_RETURN_TYPE = YES_ERROR;
				GCC_WARN_UNDECLARED_SELECTOR = YES;
				GCC_WARN_UNINITIALIZED_AUTOS = YES_AGGRESSIVE;
				GCC_WARN_UNUSED_FUNCTION = YES;
				GCC_WARN_UNUSED_VARIABLE = YES;
				IPHONEOS_DEPLOYMENT_TARGET = 17.2;
				LOCALIZATION_PREFERS_STRING_CATALOGS = YES;
				MTL_ENABLE_DEBUG_INFO = INCLUDE_SOURCE;
				MTL_FAST_MATH = YES;
				ONLY_ACTIVE_ARCH = YES;
				SDKROOT = iphoneos;
				SWIFT_ACTIVE_COMPILATION_CONDITIONS = "DEBUG $(inherited)";
				SWIFT_OPTIMIZATION_LEVEL = "-Onone";
			};
			name = Debug;
		};
		702DED012B5984C900CFBCD7 /* Release */ = {
			isa = XCBuildConfiguration;
			buildSettings = {
				ALWAYS_SEARCH_USER_PATHS = NO;
				ASSETCATALOG_COMPILER_GENERATE_SWIFT_ASSET_SYMBOL_EXTENSIONS = YES;
				CLANG_ANALYZER_NONNULL = YES;
				CLANG_ANALYZER_NUMBER_OBJECT_CONVERSION = YES_AGGRESSIVE;
				CLANG_CXX_LANGUAGE_STANDARD = "gnu++20";
				CLANG_ENABLE_MODULES = YES;
				CLANG_ENABLE_OBJC_ARC = YES;
				CLANG_ENABLE_OBJC_WEAK = YES;
				CLANG_WARN_BLOCK_CAPTURE_AUTORELEASING = YES;
				CLANG_WARN_BOOL_CONVERSION = YES;
				CLANG_WARN_COMMA = YES;
				CLANG_WARN_CONSTANT_CONVERSION = YES;
				CLANG_WARN_DEPRECATED_OBJC_IMPLEMENTATIONS = YES;
				CLANG_WARN_DIRECT_OBJC_ISA_USAGE = YES_ERROR;
				CLANG_WARN_DOCUMENTATION_COMMENTS = YES;
				CLANG_WARN_EMPTY_BODY = YES;
				CLANG_WARN_ENUM_CONVERSION = YES;
				CLANG_WARN_INFINITE_RECURSION = YES;
				CLANG_WARN_INT_CONVERSION = YES;
				CLANG_WARN_NON_LITERAL_NULL_CONVERSION = YES;
				CLANG_WARN_OBJC_IMPLICIT_RETAIN_SELF = YES;
				CLANG_WARN_OBJC_LITERAL_CONVERSION = YES;
				CLANG_WARN_OBJC_ROOT_CLASS = YES_ERROR;
				CLANG_WARN_QUOTED_INCLUDE_IN_FRAMEWORK_HEADER = YES;
				CLANG_WARN_RANGE_LOOP_ANALYSIS = YES;
				CLANG_WARN_STRICT_PROTOTYPES = YES;
				CLANG_WARN_SUSPICIOUS_MOVE = YES;
				CLANG_WARN_UNGUARDED_AVAILABILITY = YES_AGGRESSIVE;
				CLANG_WARN_UNREACHABLE_CODE = YES;
				CLANG_WARN__DUPLICATE_METHOD_MATCH = YES;
				COPY_PHASE_STRIP = NO;
				DEBUG_INFORMATION_FORMAT = "dwarf-with-dsym";
				ENABLE_NS_ASSERTIONS = NO;
				ENABLE_STRICT_OBJC_MSGSEND = YES;
				ENABLE_USER_SCRIPT_SANDBOXING = YES;
				GCC_C_LANGUAGE_STANDARD = gnu17;
				GCC_NO_COMMON_BLOCKS = YES;
				GCC_WARN_64_TO_32_BIT_CONVERSION = YES;
				GCC_WARN_ABOUT_RETURN_TYPE = YES_ERROR;
				GCC_WARN_UNDECLARED_SELECTOR = YES;
				GCC_WARN_UNINITIALIZED_AUTOS = YES_AGGRESSIVE;
				GCC_WARN_UNUSED_FUNCTION = YES;
				GCC_WARN_UNUSED_VARIABLE = YES;
				IPHONEOS_DEPLOYMENT_TARGET = 17.2;
				LOCALIZATION_PREFERS_STRING_CATALOGS = YES;
				MTL_ENABLE_DEBUG_INFO = NO;
				MTL_FAST_MATH = YES;
				SDKROOT = iphoneos;
				SWIFT_COMPILATION_MODE = wholemodule;
				VALIDATE_PRODUCT = YES;
			};
			name = Release;
		};
		702DED032B5984C900CFBCD7 /* Debug */ = {
			isa = XCBuildConfiguration;
			buildSettings = {
				ASSETCATALOG_COMPILER_APPICON_NAME = AppIcon;
				ASSETCATALOG_COMPILER_GLOBAL_ACCENT_COLOR_NAME = AccentColor;
				CODE_SIGN_STYLE = Automatic;
				CURRENT_PROJECT_VERSION = 1;
				DEVELOPMENT_TEAM = 5Z86D58HPL;
				GENERATE_INFOPLIST_FILE = YES;
				INFOPLIST_FILE = ImageGalleryApp/Sources/Info.plist;
				INFOPLIST_KEY_UIApplicationSupportsIndirectInputEvents = YES;
				INFOPLIST_KEY_UILaunchStoryboardName = LaunchScreen;
				INFOPLIST_KEY_UISupportedInterfaceOrientations_iPad = "UIInterfaceOrientationPortrait UIInterfaceOrientationPortraitUpsideDown UIInterfaceOrientationLandscapeLeft UIInterfaceOrientationLandscapeRight";
				INFOPLIST_KEY_UISupportedInterfaceOrientations_iPhone = "UIInterfaceOrientationPortrait UIInterfaceOrientationLandscapeLeft UIInterfaceOrientationLandscapeRight";
				IPHONEOS_DEPLOYMENT_TARGET = 15;
				LD_RUNPATH_SEARCH_PATHS = (
					"$(inherited)",
					"@executable_path/Frameworks",
				);
				MARKETING_VERSION = 1.0;
				PRODUCT_BUNDLE_IDENTIFIER = com.bikmurzin.ImageGalleryApp;
				PRODUCT_NAME = "$(TARGET_NAME)";
				SWIFT_EMIT_LOC_STRINGS = YES;
				SWIFT_VERSION = 5.0;
				TARGETED_DEVICE_FAMILY = 1;
			};
			name = Debug;
		};
		702DED042B5984C900CFBCD7 /* Release */ = {
			isa = XCBuildConfiguration;
			buildSettings = {
				ASSETCATALOG_COMPILER_APPICON_NAME = AppIcon;
				ASSETCATALOG_COMPILER_GLOBAL_ACCENT_COLOR_NAME = AccentColor;
				CODE_SIGN_STYLE = Automatic;
				CURRENT_PROJECT_VERSION = 1;
				DEVELOPMENT_TEAM = 5Z86D58HPL;
				GENERATE_INFOPLIST_FILE = YES;
				INFOPLIST_FILE = ImageGalleryApp/Sources/Info.plist;
				INFOPLIST_KEY_UIApplicationSupportsIndirectInputEvents = YES;
				INFOPLIST_KEY_UILaunchStoryboardName = LaunchScreen;
				INFOPLIST_KEY_UISupportedInterfaceOrientations_iPad = "UIInterfaceOrientationPortrait UIInterfaceOrientationPortraitUpsideDown UIInterfaceOrientationLandscapeLeft UIInterfaceOrientationLandscapeRight";
				INFOPLIST_KEY_UISupportedInterfaceOrientations_iPhone = "UIInterfaceOrientationPortrait UIInterfaceOrientationLandscapeLeft UIInterfaceOrientationLandscapeRight";
				IPHONEOS_DEPLOYMENT_TARGET = 15;
				LD_RUNPATH_SEARCH_PATHS = (
					"$(inherited)",
					"@executable_path/Frameworks",
				);
				MARKETING_VERSION = 1.0;
				PRODUCT_BUNDLE_IDENTIFIER = com.bikmurzin.ImageGalleryApp;
				PRODUCT_NAME = "$(TARGET_NAME)";
				SWIFT_EMIT_LOC_STRINGS = YES;
				SWIFT_VERSION = 5.0;
				TARGETED_DEVICE_FAMILY = 1;
			};
			name = Release;
		};
/* End XCBuildConfiguration section */

/* Begin XCConfigurationList section */
		702DECE92B5984C700CFBCD7 /* Build configuration list for PBXProject "ImageGalleryApp" */ = {
			isa = XCConfigurationList;
			buildConfigurations = (
				702DED002B5984C900CFBCD7 /* Debug */,
				702DED012B5984C900CFBCD7 /* Release */,
			);
			defaultConfigurationIsVisible = 0;
			defaultConfigurationName = Release;
		};
		702DED022B5984C900CFBCD7 /* Build configuration list for PBXNativeTarget "ImageGalleryApp" */ = {
			isa = XCConfigurationList;
			buildConfigurations = (
				702DED032B5984C900CFBCD7 /* Debug */,
				702DED042B5984C900CFBCD7 /* Release */,
			);
			defaultConfigurationIsVisible = 0;
			defaultConfigurationName = Release;
		};
/* End XCConfigurationList section */

/* Begin XCRemoteSwiftPackageReference section */
		702DED242B59B5FF00CFBCD7 /* XCRemoteSwiftPackageReference "SnapKit" */ = {
			isa = XCRemoteSwiftPackageReference;
			repositoryURL = "https://github.com/SnapKit/SnapKit.git";
			requirement = {
				kind = upToNextMajorVersion;
				minimumVersion = 5.7.0;
			};
		};
/* End XCRemoteSwiftPackageReference section */

/* Begin XCSwiftPackageProductDependency section */
		702DED252B59B5FF00CFBCD7 /* SnapKit */ = {
			isa = XCSwiftPackageProductDependency;
			package = 702DED242B59B5FF00CFBCD7 /* XCRemoteSwiftPackageReference "SnapKit" */;
			productName = SnapKit;
		};
		702DED272B59B5FF00CFBCD7 /* SnapKit-Dynamic */ = {
			isa = XCSwiftPackageProductDependency;
			package = 702DED242B59B5FF00CFBCD7 /* XCRemoteSwiftPackageReference "SnapKit" */;
			productName = "SnapKit-Dynamic";
		};
/* End XCSwiftPackageProductDependency section */
	};
	rootObject = 702DECE62B5984C700CFBCD7 /* Project object */;
}
